
Microsoft Visual Studio Solution File, Format Version 12.00
# Visual Studio Version 16
VisualStudioVersion = 16.0.30309.148
MinimumVisualStudioVersion = 10.0.40219.1
Project("{FAE04EC0-301F-11D3-BF4B-00C04F79EFBC}") = "b9039646 WAD Assignment", "b9039646 WAD Assignment\b9039646 WAD Assignment.csproj", "{1C85592B-729C-4150-8D50-F56A14A9F7C8}"
EndProject
Global
	GlobalSection(SolutionConfigurationPlatforms) = preSolution
		Debug|Any CPU = Debug|Any CPU
		Release|Any CPU = Release|Any CPU
	EndGlobalSection
	GlobalSection(ProjectConfigurationPlatforms) = postSolution
		{1C85592B-729C-4150-8D50-F56A14A9F7C8}.Debug|Any CPU.ActiveCfg = Debug|Any CPU
		{1C85592B-729C-4150-8D50-F56A14A9F7C8}.Debug|Any CPU.Build.0 = Debug|Any CPU
		{1C85592B-729C-4150-8D50-F56A14A9F7C8}.Release|Any CPU.ActiveCfg = Release|Any CPU
		{1C85592B-729C-4150-8D50-F56A14A9F7C8}.Release|Any CPU.Build.0 = Release|Any CPU
	EndGlobalSection
	GlobalSection(SolutionProperties) = preSolution
		HideSolutionNode = FALSE
	EndGlobalSection
	GlobalSection(ExtensibilityGlobals) = postSolution
		SolutionGuid = {522DD19F-5C00-4221-AA5F-7525B2AC2A37}
	EndGlobalSection
EndGlobal
